
Microsoft Visual Studio Solution File, Format Version 12.00
# Visual Studio Version 17
VisualStudioVersion = 17.14.36414.22 d17.14
MinimumVisualStudioVersion = 10.0.40219.1
Project("{FAE04EC0-301F-11D3-BF4B-00C04F79EFBC}") = "QRCodeAPI", "QRCodeAPI\QRCodeAPI.csproj", "{75B35B4C-EAD7-47BA-A31E-991E0E540FD0}"
EndProject
Project("{FAE04EC0-301F-11D3-BF4B-00C04F79EFBC}") = "Model", "Model\Model.csproj", "{80289B09-9905-41EA-9E4B-8F92F7C032F6}"
EndProject
Project("{FAE04EC0-301F-11D3-BF4B-00C04F79EFBC}") = "BLL", "BLL\BLL.csproj", "{097924DE-63A9-4601-AC93-7C9B2B2521C4}"
EndProject
Global
	GlobalSection(SolutionConfigurationPlatforms) = preSolution
		Debug|Any CPU = Debug|Any CPU
		Release|Any CPU = Release|Any CPU
	EndGlobalSection
	GlobalSection(ProjectConfigurationPlatforms) = postSolution
		{75B35B4C-EAD7-47BA-A31E-991E0E540FD0}.Debug|Any CPU.ActiveCfg = Debug|Any CPU
		{75B35B4C-EAD7-47BA-A31E-991E0E540FD0}.Debug|Any CPU.Build.0 = Debug|Any CPU
		{75B35B4C-EAD7-47BA-A31E-991E0E540FD0}.Release|Any CPU.ActiveCfg = Release|Any CPU
		{75B35B4C-EAD7-47BA-A31E-991E0E540FD0}.Release|Any CPU.Build.0 = Release|Any CPU
		{80289B09-9905-41EA-9E4B-8F92F7C032F6}.Debug|Any CPU.ActiveCfg = Debug|Any CPU
		{80289B09-9905-41EA-9E4B-8F92F7C032F6}.Debug|Any CPU.Build.0 = Debug|Any CPU
		{80289B09-9905-41EA-9E4B-8F92F7C032F6}.Release|Any CPU.ActiveCfg = Release|Any CPU
		{80289B09-9905-41EA-9E4B-8F92F7C032F6}.Release|Any CPU.Build.0 = Release|Any CPU
		{097924DE-63A9-4601-AC93-7C9B2B2521C4}.Debug|Any CPU.ActiveCfg = Debug|Any CPU
		{097924DE-63A9-4601-AC93-7C9B2B2521C4}.Debug|Any CPU.Build.0 = Debug|Any CPU
		{097924DE-63A9-4601-AC93-7C9B2B2521C4}.Release|Any CPU.ActiveCfg = Release|Any CPU
		{097924DE-63A9-4601-AC93-7C9B2B2521C4}.Release|Any CPU.Build.0 = Release|Any CPU
	EndGlobalSection
	GlobalSection(SolutionProperties) = preSolution
		HideSolutionNode = FALSE
	EndGlobalSection
	GlobalSection(ExtensibilityGlobals) = postSolution
		SolutionGuid = {26DAF35C-C94D-48F1-9EF5-8D946016B886}
	EndGlobalSection
EndGlobal
